Microsoft Visual Studio Solution File, Format Version 12.00
# Visual Studio Version 17
VisualStudioVersion = 17.0.31903.59
MinimumVisualStudioVersion = 10.0.40219.1
Project("{9A19103F-16F7-4668-BE54-9A1E7A4F7556}") = "SubawardReader", "src\SubawardReader\SubawardReader.csproj", "{6E844DE3-80B1-4A39-A94A-B70372887C9C}"
EndProject
Project("{9A19103F-16F7-4668-BE54-9A1E7A4F7556}") = "SubawardReader.Tests", "tests\SubawardReader.Tests\SubawardReader.Tests.csproj", "{0B7C7B6B-46EA-412A-9A88-2655BA73A91C}"
EndProject
Global
	GlobalSection(SolutionConfigurationPlatforms) = preSolution
		Debug|Any CPU = Debug|Any CPU
		Release|Any CPU = Release|Any CPU
	EndGlobalSection
	GlobalSection(ProjectConfigurationPlatforms) = postSolution
		{6E844DE3-80B1-4A39-A94A-B70372887C9C}.Debug|Any CPU.ActiveCfg = Debug|Any CPU
		{6E844DE3-80B1-4A39-A94A-B70372887C9C}.Debug|Any CPU.Build.0 = Debug|Any CPU
		{6E844DE3-80B1-4A39-A94A-B70372887C9C}.Release|Any CPU.ActiveCfg = Release|Any CPU
		{6E844DE3-80B1-4A39-A94A-B70372887C9C}.Release|Any CPU.Build.0 = Release|Any CPU
		{0B7C7B6B-46EA-412A-9A88-2655BA73A91C}.Debug|Any CPU.ActiveCfg = Debug|Any CPU
		{0B7C7B6B-46EA-412A-9A88-2655BA73A91C}.Debug|Any CPU.Build.0 = Debug|Any CPU
		{0B7C7B6B-46EA-412A-9A88-2655BA73A91C}.Release|Any CPU.ActiveCfg = Release|Any CPU
		{0B7C7B6B-46EA-412A-9A88-2655BA73A91C}.Release|Any CPU.Build.0 = Release|Any CPU
	EndGlobalSection
EndGlobal
